
Microsoft Visual Studio Solution File, Format Version 12.00
# Visual Studio Version 17
VisualStudioVersion = 17.0.31903.59
MinimumVisualStudioVersion = 10.0.40219.1
Project("{9A19103F-16F7-4668-BE54-9A1E7A4F7556}") = "Cike.TenantManagement.Domain.Shared", "src\Cike.TenantManagement.Domain.Shared\Cike.TenantManagement.Domain.Shared.csproj", "{8A17C7F6-06EB-4A9A-B7B2-02A65667E8AD}"
EndProject
Project("{2150E333-8FDC-42A3-9474-1A3956D46DE8}") = "src", "src", "{B856CBC0-EC76-4097-92A3-437F27DD88F6}"
EndProject
Project("{9A19103F-16F7-4668-BE54-9A1E7A4F7556}") = "Cike.TenantManagement.Domain", "src\Cike.TenantManagement.Domain\Cike.TenantManagement.Domain.csproj", "{CB875148-2610-4FA8-9522-D1EABD972E79}"
EndProject
Project("{9A19103F-16F7-4668-BE54-9A1E7A4F7556}") = "Cike.TenantManagement.Application.Contracts", "src\Cike.TenantManagement.Application.Contracts\Cike.TenantManagement.Application.Contracts.csproj", "{D30F0593-CCE3-4B51-9D78-88C106329E5A}"
EndProject
Project("{9A19103F-16F7-4668-BE54-9A1E7A4F7556}") = "Cike.TenantManagement.Application", "src\Cike.TenantManagement.Application\Cike.TenantManagement.Application.csproj", "{0DF93905-5264-449E-AC87-A641BB6B5B4D}"
EndProject
Project("{9A19103F-16F7-4668-BE54-9A1E7A4F7556}") = "Cike.TenantManagement.EntityFrameworkCore", "src\Cike.TenantManagement.EntityFrameworkCore\Cike.TenantManagement.EntityFrameworkCore.csproj", "{ED091F60-CAB7-466D-A45D-6CD47C93F6D3}"
EndProject
Project("{9A19103F-16F7-4668-BE54-9A1E7A4F7556}") = "Cike.TenantManagement.DbMigrator", "src\Cike.TenantManagement.DbMigrator\Cike.TenantManagement.DbMigrator.csproj", "{A619C860-553A-4F36-A00C-78AE257B2D7C}"
EndProject
Project("{9A19103F-16F7-4668-BE54-9A1E7A4F7556}") = "Cike.TenantManagement.HttpApi.Client", "src\Cike.TenantManagement.HttpApi.Client\Cike.TenantManagement.HttpApi.Client.csproj", "{EB391DEA-F7DE-4495-A291-6CF498E2C225}"
EndProject
Project("{9A19103F-16F7-4668-BE54-9A1E7A4F7556}") = "Cike.TenantManagement.Web", "src\Cike.TenantManagement.Web\Cike.TenantManagement.Web.csproj", "{451C368A-40B7-4633-BEB6-0F157E6FA838}"
EndProject
Project("{2150E333-8FDC-42A3-9474-1A3956D46DE8}") = "tests", "tests", "{115F087E-0430-4E44-A064-59F90174642F}"
EndProject
Project("{2150E333-8FDC-42A3-9474-1A3956D46DE8}") = "solution items", "solution items", "{3C97F087-007B-41DB-B9E5-6803AAA0B288}"
	ProjectSection(SolutionItems) = preProject
		common.props = common.props
	EndProjectSection
EndProject
Project("{FAE04EC0-301F-11D3-BF4B-00C04F79EFBC}") = "Cike.TenantManagement.TestBase", "tests\Cike.TenantManagement.TestBase\Cike.TenantManagement.TestBase.csproj", "{041F7FF1-A843-48AF-87EF-C30509B373DA}"
EndProject
Global
	GlobalSection(SolutionConfigurationPlatforms) = preSolution
		Debug|Any CPU = Debug|Any CPU
		Release|Any CPU = Release|Any CPU
	EndGlobalSection
	GlobalSection(ProjectConfigurationPlatforms) = postSolution
		{8A17C7F6-06EB-4A9A-B7B2-02A65667E8AD}.Debug|Any CPU.ActiveCfg = Debug|Any CPU
		{8A17C7F6-06EB-4A9A-B7B2-02A65667E8AD}.Debug|Any CPU.Build.0 = Debug|Any CPU
		{8A17C7F6-06EB-4A9A-B7B2-02A65667E8AD}.Release|Any CPU.ActiveCfg = Release|Any CPU
		{8A17C7F6-06EB-4A9A-B7B2-02A65667E8AD}.Release|Any CPU.Build.0 = Release|Any CPU
		{CB875148-2610-4FA8-9522-D1EABD972E79}.Debug|Any CPU.ActiveCfg = Debug|Any CPU
		{CB875148-2610-4FA8-9522-D1EABD972E79}.Debug|Any CPU.Build.0 = Debug|Any CPU
		{CB875148-2610-4FA8-9522-D1EABD972E79}.Release|Any CPU.ActiveCfg = Release|Any CPU
		{CB875148-2610-4FA8-9522-D1EABD972E79}.Release|Any CPU.Build.0 = Release|Any CPU
		{D30F0593-CCE3-4B51-9D78-88C106329E5A}.Debug|Any CPU.ActiveCfg = Debug|Any CPU
		{D30F0593-CCE3-4B51-9D78-88C106329E5A}.Debug|Any CPU.Build.0 = Debug|Any CPU
		{D30F0593-CCE3-4B51-9D78-88C106329E5A}.Release|Any CPU.ActiveCfg = Release|Any CPU
		{D30F0593-CCE3-4B51-9D78-88C106329E5A}.Release|Any CPU.Build.0 = Release|Any CPU
		{0DF93905-5264-449E-AC87-A641BB6B5B4D}.Debug|Any CPU.ActiveCfg = Debug|Any CPU
		{0DF93905-5264-449E-AC87-A641BB6B5B4D}.Debug|Any CPU.Build.0 = Debug|Any CPU
		{0DF93905-5264-449E-AC87-A641BB6B5B4D}.Release|Any CPU.ActiveCfg = Release|Any CPU
		{0DF93905-5264-449E-AC87-A641BB6B5B4D}.Release|Any CPU.Build.0 = Release|Any CPU
		{ED091F60-CAB7-466D-A45D-6CD47C93F6D3}.Debug|Any CPU.ActiveCfg = Debug|Any CPU
		{ED091F60-CAB7-466D-A45D-6CD47C93F6D3}.Debug|Any CPU.Build.0 = Debug|Any CPU
		{ED091F60-CAB7-466D-A45D-6CD47C93F6D3}.Release|Any CPU.ActiveCfg = Release|Any CPU
		{ED091F60-CAB7-466D-A45D-6CD47C93F6D3}.Release|Any CPU.Build.0 = Release|Any CPU
		{A619C860-553A-4F36-A00C-78AE257B2D7C}.Debug|Any CPU.ActiveCfg = Debug|Any CPU
		{A619C860-553A-4F36-A00C-78AE257B2D7C}.Debug|Any CPU.Build.0 = Debug|Any CPU
		{A619C860-553A-4F36-A00C-78AE257B2D7C}.Release|Any CPU.ActiveCfg = Release|Any CPU
		{A619C860-553A-4F36-A00C-78AE257B2D7C}.Release|Any CPU.Build.0 = Release|Any CPU
		{EB391DEA-F7DE-4495-A291-6CF498E2C225}.Debug|Any CPU.ActiveCfg = Debug|Any CPU
		{EB391DEA-F7DE-4495-A291-6CF498E2C225}.Debug|Any CPU.Build.0 = Debug|Any CPU
		{EB391DEA-F7DE-4495-A291-6CF498E2C225}.Release|Any CPU.ActiveCfg = Release|Any CPU
		{EB391DEA-F7DE-4495-A291-6CF498E2C225}.Release|Any CPU.Build.0 = Release|Any CPU
		{451C368A-40B7-4633-BEB6-0F157E6FA838}.Debug|Any CPU.ActiveCfg = Debug|Any CPU
		{451C368A-40B7-4633-BEB6-0F157E6FA838}.Debug|Any CPU.Build.0 = Debug|Any CPU
		{451C368A-40B7-4633-BEB6-0F157E6FA838}.Release|Any CPU.ActiveCfg = Release|Any CPU
		{451C368A-40B7-4633-BEB6-0F157E6FA838}.Release|Any CPU.Build.0 = Release|Any CPU
		{041F7FF1-A843-48AF-87EF-C30509B373DA}.Debug|Any CPU.ActiveCfg = Debug|Any CPU
		{041F7FF1-A843-48AF-87EF-C30509B373DA}.Debug|Any CPU.Build.0 = Debug|Any CPU
		{041F7FF1-A843-48AF-87EF-C30509B373DA}.Release|Any CPU.ActiveCfg = Release|Any CPU
		{041F7FF1-A843-48AF-87EF-C30509B373DA}.Release|Any CPU.Build.0 = Release|Any CPU
	EndGlobalSection
	GlobalSection(SolutionProperties) = preSolution
		HideSolutionNode = FALSE
	EndGlobalSection
	GlobalSection(NestedProjects) = preSolution
		{8A17C7F6-06EB-4A9A-B7B2-02A65667E8AD} = {B856CBC0-EC76-4097-92A3-437F27DD88F6}
		{CB875148-2610-4FA8-9522-D1EABD972E79} = {B856CBC0-EC76-4097-92A3-437F27DD88F6}
		{D30F0593-CCE3-4B51-9D78-88C106329E5A} = {B856CBC0-EC76-4097-92A3-437F27DD88F6}
		{0DF93905-5264-449E-AC87-A641BB6B5B4D} = {B856CBC0-EC76-4097-92A3-437F27DD88F6}
		{ED091F60-CAB7-466D-A45D-6CD47C93F6D3} = {B856CBC0-EC76-4097-92A3-437F27DD88F6}
		{A619C860-553A-4F36-A00C-78AE257B2D7C} = {B856CBC0-EC76-4097-92A3-437F27DD88F6}
		{EB391DEA-F7DE-4495-A291-6CF498E2C225} = {B856CBC0-EC76-4097-92A3-437F27DD88F6}
		{451C368A-40B7-4633-BEB6-0F157E6FA838} = {B856CBC0-EC76-4097-92A3-437F27DD88F6}
		{041F7FF1-A843-48AF-87EF-C30509B373DA} = {115F087E-0430-4E44-A064-59F90174642F}
	EndGlobalSection
	GlobalSection(ExtensibilityGlobals) = postSolution
		SolutionGuid = {1EE1B4AE-B7E0-4604-BB91-0B0B5AC3C19F}
	EndGlobalSection
EndGlobal
